{
  "name": "PodsTech",
  "lockfileVersion": 3,
  "requires": true,
  "packages": {
    "": {
      "dependencies": {
        "bxslider": "^4.2.14"
      }
    },
    "node_modules/bxslider": {
      "version": "4.2.14",
      "resolved": "https://registry.npmjs.org/bxslider/-/bxslider-4.2.14.tgz",
      "integrity": "sha512-7/OV7Jxe8yBS/7tOcxg2hYTPmACFMU1rRs3xqoljjFX/rSgMFVX0dzFqxZHWvUgl0+9TryNy5vhufB/499heFQ==",
      "engines": {
        "node": ">=0.10.28"
      }
    }
  }
}
